{
  "lib/forge-std": {
    "rev": "8bbcf6e3f8f62f419e5429a0bd89331c85c37824"
  },
  "lib/openzeppelin-contracts": {
    "tag": {
      "name": "v5.5.0",
      "rev": "fcbae5394ae8ad52d8e580a3477db99814b9d565"
    }
  },
  "lib/openzeppelin-contracts-upgradeable": {
    "tag": {
      "name": "v5.5.0",
      "rev": "aa677e9d28ed78fc427ec47ba2baef2030c58e7c"
    }
  },
  "lib/oprf-key-registry": {
    "rev": "e387586d3850927b77c6ddbd36ef6180f4996eaf"
  },
  "lib/optimism": {
    "rev": "fc6cd911e5abc8ecb1f1631fcd24d41f2af031c3"
  },
  "lib/poseidon-solidity": {
    "tag": {
      "name": "v0.0.5",
      "rev": "8205c97ec4a35a9adb854b70b2c9ba92668d1304"
    }
  }
}